
Microsoft Visual Studio Solution File, Format Version 12.00
# Visual Studio Version 17
VisualStudioVersion = 17.9.34616.47
MinimumVisualStudioVersion = 10.0.40219.1
Project("{8BC9CEB8-8B4A-11D0-8D11-00A0C91BC942}") = "assist", "assist\assist.vcxproj", "{9908ECB8-EB8A-46FB-B149-C0DB26910935}"
EndProject
Project("{8BC9CEB8-8B4A-11D0-8D11-00A0C91BC942}") = "hook", "hook\hook.vcxproj", "{CF86F818-A241-4CD0-A442-D5628E49D75C}"
EndProject
Global
	GlobalSection(SolutionConfigurationPlatforms) = preSolution
		Debug|x64 = Debug|x64
		Debug|x86 = Debug|x86
		Release|x64 = Release|x64
		Release|x86 = Release|x86
	EndGlobalSection
	GlobalSection(ProjectConfigurationPlatforms) = postSolution
		{9908ECB8-EB8A-46FB-B149-C0DB26910935}.Debug|x64.ActiveCfg = Debug|x64
		{9908ECB8-EB8A-46FB-B149-C0DB26910935}.Debug|x64.Build.0 = Debug|x64
		{9908ECB8-EB8A-46FB-B149-C0DB26910935}.Debug|x86.ActiveCfg = Debug|Win32
		{9908ECB8-EB8A-46FB-B149-C0DB26910935}.Debug|x86.Build.0 = Debug|Win32
		{9908ECB8-EB8A-46FB-B149-C0DB26910935}.Release|x64.ActiveCfg = Release|x64
		{9908ECB8-EB8A-46FB-B149-C0DB26910935}.Release|x64.Build.0 = Release|x64
		{9908ECB8-EB8A-46FB-B149-C0DB26910935}.Release|x86.ActiveCfg = Release|Win32
		{9908ECB8-EB8A-46FB-B149-C0DB26910935}.Release|x86.Build.0 = Release|Win32
		{CF86F818-A241-4CD0-A442-D5628E49D75C}.Debug|x64.ActiveCfg = Debug|x64
		{CF86F818-A241-4CD0-A442-D5628E49D75C}.Debug|x64.Build.0 = Debug|x64
		{CF86F818-A241-4CD0-A442-D5628E49D75C}.Debug|x86.ActiveCfg = Debug|Win32
		{CF86F818-A241-4CD0-A442-D5628E49D75C}.Debug|x86.Build.0 = Debug|Win32
		{CF86F818-A241-4CD0-A442-D5628E49D75C}.Release|x64.ActiveCfg = Release|x64
		{CF86F818-A241-4CD0-A442-D5628E49D75C}.Release|x64.Build.0 = Release|x64
		{CF86F818-A241-4CD0-A442-D5628E49D75C}.Release|x86.ActiveCfg = Release|Win32
		{CF86F818-A241-4CD0-A442-D5628E49D75C}.Release|x86.Build.0 = Release|Win32
	EndGlobalSection
	GlobalSection(SolutionProperties) = preSolution
		HideSolutionNode = FALSE
	EndGlobalSection
	GlobalSection(ExtensibilityGlobals) = postSolution
		SolutionGuid = {29EA5C3F-E284-4D9E-A2FD-7994AA477CE4}
	EndGlobalSection
EndGlobal
